Microsoft Visual Studio Solution File, Format Version 12.00
# Visual Studio Version 17
VisualStudioVersion = 17.0.31903.59
MinimumVisualStudioVersion = 10.0.40219.1
Project("{9A19103F-16F7-4668-BE54-9A1E7A4F7556}") = "OuisperWin", "OuisperWin\OuisperWin.csproj", "{4F555350-0000-0000-0000-000000000001}"
EndProject
Global
	GlobalSection(SolutionConfigurationPlatforms) = preSolution
		Debug|Any CPU = Debug|Any CPU
		Debug|x64 = Debug|x64
		Release|Any CPU = Release|Any CPU
		Release|x64 = Release|x64
	EndGlobalSection
	GlobalSection(ProjectConfigurationPlatforms) = postSolution
		{4F555350-0000-0000-0000-000000000001}.Debug|Any CPU.ActiveCfg = Release|x64
		{4F555350-0000-0000-0000-000000000001}.Debug|Any CPU.Build.0 = Release|x64
		{4F555350-0000-0000-0000-000000000001}.Debug|x64.ActiveCfg = Debug|x64
		{4F555350-0000-0000-0000-000000000001}.Debug|x64.Build.0 = Debug|x64
		{4F555350-0000-0000-0000-000000000001}.Release|Any CPU.ActiveCfg = Release|Any CPU
		{4F555350-0000-0000-0000-000000000001}.Release|Any CPU.Build.0 = Release|Any CPU
		{4F555350-0000-0000-0000-000000000001}.Release|x64.ActiveCfg = Release|x64
		{4F555350-0000-0000-0000-000000000001}.Release|x64.Build.0 = Release|x64
	EndGlobalSection
	GlobalSection(SolutionProperties) = preSolution
		HideSolutionNode = FALSE
	EndGlobalSection
	GlobalSection(ExtensibilityGlobals) = postSolution
		SolutionGuid = {341BDA2C-7EB9-4890-A41D-78212BE3316D}
	EndGlobalSection
EndGlobal
